# This file is generated by running "yarn install" inside your project.
# Manual changes might be lost - proceed with caution!

__metadata:
  version: 6
  cacheKey: 8

"base32.js@npm:0.1.0":
  version: 0.1.0
  resolution: "base32.js@npm:0.1.0"
  checksum: e1ac2c4c405794bfb30e47c708718544091055371c61040c3d85aba56dd699646f1ae840fb686df9f6da8d9fdee9bbe0a07d04be79d2c13e9bb39595aedecb78
  languageName: node
  linkType: hard

"email-server@workspace:.":
  version: 0.0.0-use.local
  resolution: "email-server@workspace:."
  dependencies:
    smtp-server: ^3.11.0
  languageName: unknown
  linkType: soft

"ipv6-normalize@npm:1.0.1":
  version: 1.0.1
  resolution: "ipv6-normalize@npm:1.0.1"
  checksum: 217277069e50eb47f91d0b22e17f47a858cc99785e0e0c1a315e27c1f0c49bcbae448c220c35767666aeb523b87853d5905448ab6c835f0967778d450610cf54
  languageName: node
  linkType: hard

"nodemailer@npm:6.7.3":
  version: 6.7.3
  resolution: "nodemailer@npm:6.7.3"
  checksum: b94d099f00f25666fc96a7cb498045e7428045b8cc0245ce10522190fd513b586d6e31305afd019f6878f1540d14d169d0dbe2e1f77385795c7054912d822ec0
  languageName: node
  linkType: hard

"smtp-server@npm:^3.11.0":
  version: 3.11.0
  resolution: "smtp-server@npm:3.11.0"
  dependencies:
    base32.js: 0.1.0
    ipv6-normalize: 1.0.1
    nodemailer: 6.7.3
  checksum: 93da0275edc5ec1c2832c9c958cd1e5ce03ab477dce06fd972b726e2c8905a10b76450cc3c0b99a8b061e43347f16d0da4cae29dcb2a0bf27c1bf34a89d72426
  languageName: node
  linkType: hard
